// !$*UTF8*$!
{
	archiveVersion = 1;
	classes = {
	};
	objectVersion = 55;
	objects = {

/* Begin PBXBuildFile section */
		854AA75E27337A7200663911 /* SearchView.swift in Sources */ = {isa = PBXBuildFile; fileRef = 854AA75D27337A7200663911 /* SearchView.swift */; };
		854AA76427338C2F00663911 /* ListCollectionViewCell.swift in Sources */ = {isa = PBXBuildFile; fileRef = 854AA76327338C2F00663911 /* ListCollectionViewCell.swift */; };
		854AA7662733A37200663911 /* ListViewModel.swift in Sources */ = {isa = PBXBuildFile; fileRef = 854AA7652733A37200663911 /* ListViewModel.swift */; };
		85BC8E14274131F300570FC4 /* ChartViewModel.swift in Sources */ = {isa = PBXBuildFile; fileRef = 85BC8E13274131F300570FC4 /* ChartViewModel.swift */; };
		85D262E8273CD703000190B8 /* PurposeChartView.swift in Sources */ = {isa = PBXBuildFile; fileRef = 85D262E7273CD703000190B8 /* PurposeChartView.swift */; };
		85D262EA273CD71C000190B8 /* BubbleChartView.swift in Sources */ = {isa = PBXBuildFile; fileRef = 85D262E9273CD71C000190B8 /* BubbleChartView.swift */; };
		85D262EC273CDEBE000190B8 /* LatestOldChartView.swift in Sources */ = {isa = PBXBuildFile; fileRef = 85D262EB273CDEBE000190B8 /* LatestOldChartView.swift */; };
		85D262EE273CE6DD000190B8 /* WhiteView.swift in Sources */ = {isa = PBXBuildFile; fileRef = 85D262ED273CE6DD000190B8 /* WhiteView.swift */; };
		85D262F0273CE740000190B8 /* NameLabel.swift in Sources */ = {isa = PBXBuildFile; fileRef = 85D262EF273CE740000190B8 /* NameLabel.swift */; };
		85D262F2273CE7D6000190B8 /* TitleLabel.swift in Sources */ = {isa = PBXBuildFile; fileRef = 85D262F1273CE7D6000190B8 /* TitleLabel.swift */; };
		85D262F4273CF211000190B8 /* PurposeView.swift in Sources */ = {isa = PBXBuildFile; fileRef = 85D262F3273CF211000190B8 /* PurposeView.swift */; };
		85D262F6273CFEBF000190B8 /* LatestOldView.swift in Sources */ = {isa = PBXBuildFile; fileRef = 85D262F5273CFEBF000190B8 /* LatestOldView.swift */; };
		85D262F8273D138E000190B8 /* DefaultView.swift in Sources */ = {isa = PBXBuildFile; fileRef = 85D262F7273D138E000190B8 /* DefaultView.swift */; };
		85FA1D93272FEB6A00825C64 /* CalendarViewController.swift in Sources */ = {isa = PBXBuildFile; fileRef = 85FA1D92272FEB6A00825C64 /* CalendarViewController.swift */; };
		85FA1D99272FEBE000825C64 /* ListViewController.swift in Sources */ = {isa = PBXBuildFile; fileRef = 85FA1D98272FEBE000825C64 /* ListViewController.swift */; };
		8A52C4F6273947E50025C562 /* defaultImage.png in Resources */ = {isa = PBXBuildFile; fileRef = 8A52C4F5273947E50025C562 /* defaultImage.png */; };
		8A53C22F273B9EB200BB0C20 /* BuddyCustomViewController.swift in Sources */ = {isa = PBXBuildFile; fileRef = 8A53C22E273B9EB200BB0C20 /* BuddyCustomViewController.swift */; };
		8A6320B527415A85006BB1C0 /* CGFloat+Extension.swift in Sources */ = {isa = PBXBuildFile; fileRef = 8A6320B427415A85006BB1C0 /* CGFloat+Extension.swift */; };
		8A6320B72741673D006BB1C0 /* RegisterTitleLabel.swift in Sources */ = {isa = PBXBuildFile; fileRef = 8A6320B62741673D006BB1C0 /* RegisterTitleLabel.swift */; };
		8A73D679273A61EC001D5184 /* BuddyChoiceViewController.swift in Sources */ = {isa = PBXBuildFile; fileRef = 8A73D678273A61EC001D5184 /* BuddyChoiceViewController.swift */; };
		8A73D67E273A6C4B001D5184 /* BuddyChoiceViewModel.swift in Sources */ = {isa = PBXBuildFile; fileRef = 8A73D67D273A6C4B001D5184 /* BuddyChoiceViewModel.swift */; };
		8A73D683273AC3B8001D5184 /* Purpose.swift in Sources */ = {isa = PBXBuildFile; fileRef = 8A73D682273AC3B8001D5184 /* Purpose.swift */; };
		BB0EF0DE2740FA15003B4B6F /* WBCalendarCollectionView.swift in Sources */ = {isa = PBXBuildFile; fileRef = BB0EF0DD2740FA15003B4B6F /* WBCalendarCollectionView.swift */; };
		BB2D254B2730D97000E7BF35 /* PlaceType.swift in Sources */ = {isa = PBXBuildFile; fileRef = BB2D25482730D97000E7BF35 /* PlaceType.swift */; };
		BB2D255E2731317100E7BF35 /* SettingViewController.swift in Sources */ = {isa = PBXBuildFile; fileRef = BB2D255D2731317100E7BF35 /* SettingViewController.swift */; };
		BB2D25602731317E00E7BF35 /* ChartViewController.swift in Sources */ = {isa = PBXBuildFile; fileRef = BB2D255F2731317E00E7BF35 /* ChartViewController.swift */; };
		BB2D258F2739299A00E7BF35 /* CoreDataManager.swift in Sources */ = {isa = PBXBuildFile; fileRef = BB2D258E2739299A00E7BF35 /* CoreDataManager.swift */; };
		BB2D25A3273A550B00E7BF35 /* BuddyUseCase.swift in Sources */ = {isa = PBXBuildFile; fileRef = BB2D25A2273A550B00E7BF35 /* BuddyUseCase.swift */; };
		BB2D25A5273A58A100E7BF35 /* GatheringUseCase.swift in Sources */ = {isa = PBXBuildFile; fileRef = BB2D25A4273A58A100E7BF35 /* GatheringUseCase.swift */; };
		BB2D25B1273B582500E7BF35 /* PictureCollectionViewCell.swift in Sources */ = {isa = PBXBuildFile; fileRef = BB2D25A6273B582500E7BF35 /* PictureCollectionViewCell.swift */; };
		BB2D25BA273B582500E7BF35 /* RegisterViewController.swift in Sources */ = {isa = PBXBuildFile; fileRef = BB2D25AF273B582500E7BF35 /* RegisterViewController.swift */; };
		BB2D25BD273B585200E7BF35 /* RegisterViewModel.swift in Sources */ = {isa = PBXBuildFile; fileRef = BB2D25BC273B585200E7BF35 /* RegisterViewModel.swift */; };
		BB2D25C2273B901600E7BF35 /* BuddyEntity+CoreDataClass.swift in Sources */ = {isa = PBXBuildFile; fileRef = BB2D25BE273B901600E7BF35 /* BuddyEntity+CoreDataClass.swift */; };
		BB2D25C4273B901600E7BF35 /* GatheringEntity+CoreDataClass.swift in Sources */ = {isa = PBXBuildFile; fileRef = BB2D25C0273B901600E7BF35 /* GatheringEntity+CoreDataClass.swift */; };
		BBF7FF2F272FB51400B71C97 /* Assets.xcassets in Resources */ = {isa = PBXBuildFile; fileRef = BBF7FF2E272FB51400B71C97 /* Assets.xcassets */; };
		BBF7FF32272FB51400B71C97 /* LaunchScreen.storyboard in Resources */ = {isa = PBXBuildFile; fileRef = BBF7FF30272FB51400B71C97 /* LaunchScreen.storyboard */; };
		BBF7FF40272FB7B700B71C97 /* TabBarViewController.swift in Sources */ = {isa = PBXBuildFile; fileRef = BBF7FF3F272FB7B700B71C97 /* TabBarViewController.swift */; };
		BBF7FF44272FC1B000B71C97 /* .swiftlint.yml in Resources */ = {isa = PBXBuildFile; fileRef = BBF7FF43272FC1B000B71C97 /* .swiftlint.yml */; };
		BBF7FF47272FC78100B71C97 /* Cafe24Ssurround.ttf in Resources */ = {isa = PBXBuildFile; fileRef = BBF7FF46272FC78100B71C97 /* Cafe24Ssurround.ttf */; };
		BBF7FF49272FC78C00B71C97 /* Cafe24SsurroundAir.ttf in Resources */ = {isa = PBXBuildFile; fileRef = BBF7FF48272FC78C00B71C97 /* Cafe24SsurroundAir.ttf */; };
		BBF7FF4C272FD7F200B71C97 /* withBuddyLaunchScreen.png in Resources */ = {isa = PBXBuildFile; fileRef = BBF7FF4B272FD7F200B71C97 /* withBuddyLaunchScreen.png */; };
		F78F14962743A5C90034E740 /* BuddyManageViewController.swift in Sources */ = {isa = PBXBuildFile; fileRef = F78F14952743A5C90034E740 /* BuddyManageViewController.swift */; };
		F78F14992743A6200034E740 /* DeveloperInfoViewController.swift in Sources */ = {isa = PBXBuildFile; fileRef = F78F14982743A6200034E740 /* DeveloperInfoViewController.swift */; };
		F7A7699727315AF800FF83EA /* HeaderView.swift in Sources */ = {isa = PBXBuildFile; fileRef = F7A7699627315AF800FF83EA /* HeaderView.swift */; };
		F7A7699B2732588500FF83EA /* WBCalendarView.swift in Sources */ = {isa = PBXBuildFile; fileRef = F7A7699A2732588500FF83EA /* WBCalendarView.swift */; };
		F7B69B8A273398C4005D2F32 /* CalendarUseCase.swift in Sources */ = {isa = PBXBuildFile; fileRef = F7B69B89273398C4005D2F32 /* CalendarUseCase.swift */; };
		F7B69B8C27339EF9005D2F32 /* WBCalendarViewCell.swift in Sources */ = {isa = PBXBuildFile; fileRef = F7B69B8B27339EF9005D2F32 /* WBCalendarViewCell.swift */; };
		F7E8ABB42738133B005F8306 /* CalendarDetailViewController.swift in Sources */ = {isa = PBXBuildFile; fileRef = F7E8ABB32738133B005F8306 /* CalendarDetailViewController.swift */; };
		F7E8ABBC273A6B17005F8306 /* CalendarDetailViewModel.swift in Sources */ = {isa = PBXBuildFile; fileRef = F7E8ABBB273A6B17005F8306 /* CalendarDetailViewModel.swift */; };
		F7E8ABBE273A8D43005F8306 /* CalendarViewModel.swift in Sources */ = {isa = PBXBuildFile; fileRef = F7E8ABBD273A8D43005F8306 /* CalendarViewModel.swift */; };
		F7E8ABC5273BB814005F8306 /* GatheringDetailViewController.swift in Sources */ = {isa = PBXBuildFile; fileRef = F7E8ABC4273BB814005F8306 /* GatheringDetailViewController.swift */; };
		F7E8AC2F273CB5F9005F8306 /* Gathering.swift in Sources */ = {isa = PBXBuildFile; fileRef = BB2D25842739197600E7BF35 /* Gathering.swift */; };
		F7E8AC38273CD428005F8306 /* UIView+Extension.swift in Sources */ = {isa = PBXBuildFile; fileRef = F7E8AC37273CD428005F8306 /* UIView+Extension.swift */; };
		F7E8AC39273CD4DC005F8306 /* WithBuddyModel.xcdatamodeld in Sources */ = {isa = PBXBuildFile; fileRef = BB2D25812739192200E7BF35 /* WithBuddyModel.xcdatamodeld */; };
		F7E8AC3A273CD4DC005F8306 /* Buddy.swift in Sources */ = {isa = PBXBuildFile; fileRef = BB2D25462730D97000E7BF35 /* Buddy.swift */; };
		F7E8AC3B273CD4DC005F8306 /* FaceColor.swift in Sources */ = {isa = PBXBuildFile; fileRef = 85C236B427380D39001499E5 /* FaceColor.swift */; };
		F7E8AC3C273CD4E2005F8306 /* AppDelegate.swift in Sources */ = {isa = PBXBuildFile; fileRef = BBF7FF25272FB51000B71C97 /* AppDelegate.swift */; };
		F7E8AC3D273CD4E2005F8306 /* SceneDelegate.swift in Sources */ = {isa = PBXBuildFile; fileRef = BBF7FF27272FB51000B71C97 /* SceneDelegate.swift */; };
		F7E8AC3E273CD4E6005F8306 /* ImageTextCollectionViewCell.swift in Sources */ = {isa = PBXBuildFile; fileRef = BB2D2553273112EE00E7BF35 /* ImageTextCollectionViewCell.swift */; };
/* End PBXBuildFile section */

/* Begin PBXFileReference section */
		854AA75D27337A7200663911 /* SearchView.swift */ = {isa = PBXFileReference; lastKnownFileType = sourcecode.swift; path = SearchView.swift; sourceTree = "<group>"; };
		854AA76327338C2F00663911 /* ListCollectionViewCell.swift */ = {isa = PBXFileReference; lastKnownFileType = sourcecode.swift; path = ListCollectionViewCell.swift; sourceTree = "<group>"; };
		854AA7652733A37200663911 /* ListViewModel.swift */ = {isa = PBXFileReference; lastKnownFileType = sourcecode.swift; path = ListViewModel.swift; sourceTree = "<group>"; };
		85BC8E13274131F300570FC4 /* ChartViewModel.swift */ = {isa = PBXFileReference; lastKnownFileType = sourcecode.swift; path = ChartViewModel.swift; sourceTree = "<group>"; };
		85C236B427380D39001499E5 /* FaceColor.swift */ = {isa = PBXFileReference; lastKnownFileType = sourcecode.swift; path = FaceColor.swift; sourceTree = "<group>"; };
		85D262E7273CD703000190B8 /* PurposeChartView.swift */ = {isa = PBXFileReference; lastKnownFileType = sourcecode.swift; path = PurposeChartView.swift; sourceTree = "<group>"; };
		85D262E9273CD71C000190B8 /* BubbleChartView.swift */ = {isa = PBXFileReference; lastKnownFileType = sourcecode.swift; path = BubbleChartView.swift; sourceTree = "<group>"; };
		85D262EB273CDEBE000190B8 /* LatestOldChartView.swift */ = {isa = PBXFileReference; lastKnownFileType = sourcecode.swift; path = LatestOldChartView.swift; sourceTree = "<group>"; };
		85D262ED273CE6DD000190B8 /* WhiteView.swift */ = {isa = PBXFileReference; lastKnownFileType = sourcecode.swift; path = WhiteView.swift; sourceTree = "<group>"; };
		85D262EF273CE740000190B8 /* NameLabel.swift */ = {isa = PBXFileReference; lastKnownFileType = sourcecode.swift; path = NameLabel.swift; sourceTree = "<group>"; };
		85D262F1273CE7D6000190B8 /* TitleLabel.swift */ = {isa = PBXFileReference; lastKnownFileType = sourcecode.swift; path = TitleLabel.swift; sourceTree = "<group>"; };
		85D262F3273CF211000190B8 /* PurposeView.swift */ = {isa = PBXFileReference; lastKnownFileType = sourcecode.swift; path = PurposeView.swift; sourceTree = "<group>"; };
		85D262F5273CFEBF000190B8 /* LatestOldView.swift */ = {isa = PBXFileReference; lastKnownFileType = sourcecode.swift; path = LatestOldView.swift; sourceTree = "<group>"; };
		85D262F7273D138E000190B8 /* DefaultView.swift */ = {isa = PBXFileReference; lastKnownFileType = sourcecode.swift; path = DefaultView.swift; sourceTree = "<group>"; };
		85FA1D92272FEB6A00825C64 /* CalendarViewController.swift */ = {isa = PBXFileReference; lastKnownFileType = sourcecode.swift; path = CalendarViewController.swift; sourceTree = "<group>"; };
		85FA1D98272FEBE000825C64 /* ListViewController.swift */ = {isa = PBXFileReference; lastKnownFileType = sourcecode.swift; path = ListViewController.swift; sourceTree = "<group>"; };
		8A52C4F5273947E50025C562 /* defaultImage.png */ = {isa = PBXFileReference; lastKnownFileType = image.png; path = defaultImage.png; sourceTree = "<group>"; };
		8A53C22E273B9EB200BB0C20 /* BuddyCustomViewController.swift */ = {isa = PBXFileReference; lastKnownFileType = sourcecode.swift; path = BuddyCustomViewController.swift; sourceTree = "<group>"; };
		8A6320B427415A85006BB1C0 /* CGFloat+Extension.swift */ = {isa = PBXFileReference; lastKnownFileType = sourcecode.swift; path = "CGFloat+Extension.swift"; sourceTree = "<group>"; };
		8A6320B62741673D006BB1C0 /* RegisterTitleLabel.swift */ = {isa = PBXFileReference; lastKnownFileType = sourcecode.swift; path = RegisterTitleLabel.swift; sourceTree = "<group>"; };
		8A73D678273A61EC001D5184 /* BuddyChoiceViewController.swift */ = {isa = PBXFileReference; lastKnownFileType = sourcecode.swift; path = BuddyChoiceViewController.swift; sourceTree = "<group>"; };
		8A73D67D273A6C4B001D5184 /* BuddyChoiceViewModel.swift */ = {isa = PBXFileReference; lastKnownFileType = sourcecode.swift; path = BuddyChoiceViewModel.swift; sourceTree = "<group>"; };
		8A73D682273AC3B8001D5184 /* Purpose.swift */ = {isa = PBXFileReference; lastKnownFileType = sourcecode.swift; path = Purpose.swift; sourceTree = "<group>"; };
		BB0EF0DD2740FA15003B4B6F /* WBCalendarCollectionView.swift */ = {isa = PBXFileReference; lastKnownFileType = sourcecode.swift; path = WBCalendarCollectionView.swift; sourceTree = "<group>"; };
		BB2D25462730D97000E7BF35 /* Buddy.swift */ = {isa = PBXFileReference; fileEncoding = 4; lastKnownFileType = sourcecode.swift; path = Buddy.swift; sourceTree = "<group>"; };
		BB2D25482730D97000E7BF35 /* PlaceType.swift */ = {isa = PBXFileReference; fileEncoding = 4; lastKnownFileType = sourcecode.swift; path = PlaceType.swift; sourceTree = "<group>"; };
		BB2D2553273112EE00E7BF35 /* ImageTextCollectionViewCell.swift */ = {isa = PBXFileReference; lastKnownFileType = sourcecode.swift; path = ImageTextCollectionViewCell.swift; sourceTree = "<group>"; };
		BB2D255D2731317100E7BF35 /* SettingViewController.swift */ = {isa = PBXFileReference; lastKnownFileType = sourcecode.swift; path = SettingViewController.swift; sourceTree = "<group>"; };
		BB2D255F2731317E00E7BF35 /* ChartViewController.swift */ = {isa = PBXFileReference; lastKnownFileType = sourcecode.swift; path = ChartViewController.swift; sourceTree = "<group>"; };
		BB2D25822739192200E7BF35 /* WithBuddyModel.xcdatamodel */ = {isa = PBXFileReference; lastKnownFileType = wrapper.xcdatamodel; path = WithBuddyModel.xcdatamodel; sourceTree = "<group>"; };
		BB2D25842739197600E7BF35 /* Gathering.swift */ = {isa = PBXFileReference; fileEncoding = 4; lastKnownFileType = sourcecode.swift; path = Gathering.swift; sourceTree = "<group>"; };
		BB2D258E2739299A00E7BF35 /* CoreDataManager.swift */ = {isa = PBXFileReference; lastKnownFileType = sourcecode.swift; path = CoreDataManager.swift; sourceTree = "<group>"; };
		BB2D25A2273A550B00E7BF35 /* BuddyUseCase.swift */ = {isa = PBXFileReference; lastKnownFileType = sourcecode.swift; path = BuddyUseCase.swift; sourceTree = "<group>"; };
		BB2D25A4273A58A100E7BF35 /* GatheringUseCase.swift */ = {isa = PBXFileReference; lastKnownFileType = sourcecode.swift; path = GatheringUseCase.swift; sourceTree = "<group>"; };
		BB2D25A6273B582500E7BF35 /* PictureCollectionViewCell.swift */ = {isa = PBXFileReference; fileEncoding = 4; lastKnownFileType = sourcecode.swift; path = PictureCollectionViewCell.swift; sourceTree = "<group>"; };
		BB2D25AF273B582500E7BF35 /* RegisterViewController.swift */ = {isa = PBXFileReference; fileEncoding = 4; lastKnownFileType = sourcecode.swift; path = RegisterViewController.swift; sourceTree = "<group>"; };
		BB2D25BC273B585200E7BF35 /* RegisterViewModel.swift */ = {isa = PBXFileReference; fileEncoding = 4; lastKnownFileType = sourcecode.swift; path = RegisterViewModel.swift; sourceTree = "<group>"; };
		BB2D25BE273B901600E7BF35 /* BuddyEntity+CoreDataClass.swift */ = {isa = PBXFileReference; lastKnownFileType = sourcecode.swift; path = "BuddyEntity+CoreDataClass.swift"; sourceTree = "<group>"; };
		BB2D25C0273B901600E7BF35 /* GatheringEntity+CoreDataClass.swift */ = {isa = PBXFileReference; lastKnownFileType = sourcecode.swift; path = "GatheringEntity+CoreDataClass.swift"; sourceTree = "<group>"; };
		BBF7FF22272FB51000B71C97 /* WithBuddy.app */ = {isa = PBXFileReference; explicitFileType = wrapper.application; includeInIndex = 0; path = WithBuddy.app; sourceTree = BUILT_PRODUCTS_DIR; };
		BBF7FF25272FB51000B71C97 /* AppDelegate.swift */ = {isa = PBXFileReference; lastKnownFileType = sourcecode.swift; path = AppDelegate.swift; sourceTree = "<group>"; };
		BBF7FF27272FB51000B71C97 /* SceneDelegate.swift */ = {isa = PBXFileReference; lastKnownFileType = sourcecode.swift; path = SceneDelegate.swift; sourceTree = "<group>"; };
		BBF7FF2E272FB51400B71C97 /* Assets.xcassets */ = {isa = PBXFileReference; lastKnownFileType = folder.assetcatalog; path = Assets.xcassets; sourceTree = "<group>"; };
		BBF7FF31272FB51400B71C97 /* Base */ = {isa = PBXFileReference; lastKnownFileType = file.storyboard; name = Base; path = Base.lproj/LaunchScreen.storyboard; sourceTree = "<group>"; };
		BBF7FF33272FB51400B71C97 /* Info.plist */ = {isa = PBXFileReference; lastKnownFileType = text.plist.xml; path = Info.plist; sourceTree = "<group>"; };
		BBF7FF3F272FB7B700B71C97 /* TabBarViewController.swift */ = {isa = PBXFileReference; lastKnownFileType = sourcecode.swift; path = TabBarViewController.swift; sourceTree = "<group>"; };
		BBF7FF43272FC1B000B71C97 /* .swiftlint.yml */ = {isa = PBXFileReference; lastKnownFileType = text.yaml; path = .swiftlint.yml; sourceTree = "<group>"; };
		BBF7FF46272FC78100B71C97 /* Cafe24Ssurround.ttf */ = {isa = PBXFileReference; lastKnownFileType = file; path = Cafe24Ssurround.ttf; sourceTree = "<group>"; };
		BBF7FF48272FC78C00B71C97 /* Cafe24SsurroundAir.ttf */ = {isa = PBXFileReference; lastKnownFileType = file; path = Cafe24SsurroundAir.ttf; sourceTree = "<group>"; };
		BBF7FF4B272FD7F200B71C97 /* withBuddyLaunchScreen.png */ = {isa = PBXFileReference; lastKnownFileType = image.png; path = withBuddyLaunchScreen.png; sourceTree = "<group>"; };
		F78F14952743A5C90034E740 /* BuddyManageViewController.swift */ = {isa = PBXFileReference; lastKnownFileType = sourcecode.swift; path = BuddyManageViewController.swift; sourceTree = "<group>"; };
		F78F14982743A6200034E740 /* DeveloperInfoViewController.swift */ = {isa = PBXFileReference; lastKnownFileType = sourcecode.swift; path = DeveloperInfoViewController.swift; sourceTree = "<group>"; };
		F7A7699627315AF800FF83EA /* HeaderView.swift */ = {isa = PBXFileReference; lastKnownFileType = sourcecode.swift; path = HeaderView.swift; sourceTree = "<group>"; };
		F7A7699A2732588500FF83EA /* WBCalendarView.swift */ = {isa = PBXFileReference; lastKnownFileType = sourcecode.swift; path = WBCalendarView.swift; sourceTree = "<group>"; };
		F7B69B89273398C4005D2F32 /* CalendarUseCase.swift */ = {isa = PBXFileReference; lastKnownFileType = sourcecode.swift; path = CalendarUseCase.swift; sourceTree = "<group>"; };
		F7B69B8B27339EF9005D2F32 /* WBCalendarViewCell.swift */ = {isa = PBXFileReference; lastKnownFileType = sourcecode.swift; path = WBCalendarViewCell.swift; sourceTree = "<group>"; };
		F7E8ABB32738133B005F8306 /* CalendarDetailViewController.swift */ = {isa = PBXFileReference; lastKnownFileType = sourcecode.swift; path = CalendarDetailViewController.swift; sourceTree = "<group>"; };
		F7E8ABBB273A6B17005F8306 /* CalendarDetailViewModel.swift */ = {isa = PBXFileReference; lastKnownFileType = sourcecode.swift; path = CalendarDetailViewModel.swift; sourceTree = "<group>"; };
		F7E8ABBD273A8D43005F8306 /* CalendarViewModel.swift */ = {isa = PBXFileReference; lastKnownFileType = sourcecode.swift; path = CalendarViewModel.swift; sourceTree = "<group>"; };
		F7E8ABC4273BB814005F8306 /* GatheringDetailViewController.swift */ = {isa = PBXFileReference; lastKnownFileType = sourcecode.swift; path = GatheringDetailViewController.swift; sourceTree = "<group>"; };
		F7E8AC37273CD428005F8306 /* UIView+Extension.swift */ = {isa = PBXFileReference; lastKnownFileType = sourcecode.swift; path = "UIView+Extension.swift"; sourceTree = "<group>"; };
/* End PBXFileReference section */

/* Begin PBXFrameworksBuildPhase section */
		BBF7FF1F272FB51000B71C97 /* Frameworks */ = {
			isa = PBXFrameworksBuildPhase;
			buildActionMask = 2147483647;
			files = (
			);
			runOnlyForDeploymentPostprocessing = 0;
		};
/* End PBXFrameworksBuildPhase section */

/* Begin PBXGroup section */
		85BC8E11274131B000570FC4 /* View */ = {
			isa = PBXGroup;
			children = (
				BB2D255F2731317E00E7BF35 /* ChartViewController.swift */,
				85D262E9273CD71C000190B8 /* BubbleChartView.swift */,
				85D262E7273CD703000190B8 /* PurposeChartView.swift */,
				85D262EB273CDEBE000190B8 /* LatestOldChartView.swift */,
				85D262ED273CE6DD000190B8 /* WhiteView.swift */,
				85D262F3273CF211000190B8 /* PurposeView.swift */,
				85D262F5273CFEBF000190B8 /* LatestOldView.swift */,
				85D262F7273D138E000190B8 /* DefaultView.swift */,
			);
			path = View;
			sourceTree = "<group>";
		};
		85BC8E12274131DE00570FC4 /* ViewModel */ = {
			isa = PBXGroup;
			children = (
				85BC8E13274131F300570FC4 /* ChartViewModel.swift */,
			);
			path = ViewModel;
			sourceTree = "<group>";
		};
		85C236B8273811EA001499E5 /* UseCases */ = {
			isa = PBXGroup;
			children = (
				BB2D25A2273A550B00E7BF35 /* BuddyUseCase.swift */,
				BB2D25A4273A58A100E7BF35 /* GatheringUseCase.swift */,
				F7B69B89273398C4005D2F32 /* CalendarUseCase.swift */,
			);
			path = UseCases;
			sourceTree = "<group>";
		};
		85FA1D91272FEAE500825C64 /* Calendar */ = {
			isa = PBXGroup;
			children = (
				F7A7699F2732762900FF83EA /* View */,
				F7E8ABC1273BB78A005F8306 /* ViewModel */,
			);
			path = Calendar;
			sourceTree = "<group>";
		};
		85FA1D97272FEBBB00825C64 /* List */ = {
			isa = PBXGroup;
			children = (
				85FA1D98272FEBE000825C64 /* ListViewController.swift */,
				854AA7652733A37200663911 /* ListViewModel.swift */,
			);
			path = List;
			sourceTree = "<group>";
		};
		8A53C22D273B9E5E00BB0C20 /* BuddyCustom */ = {
			isa = PBXGroup;
			children = (
				8A53C22E273B9EB200BB0C20 /* BuddyCustomViewController.swift */,
			);
			path = BuddyCustom;
			sourceTree = "<group>";
		};
		8A73D677273A61C5001D5184 /* BuddyChoice */ = {
			isa = PBXGroup;
			children = (
				8A73D678273A61EC001D5184 /* BuddyChoiceViewController.swift */,
				8A73D67D273A6C4B001D5184 /* BuddyChoiceViewModel.swift */,
			);
			path = BuddyChoice;
			sourceTree = "<group>";
		};
		BB0EF0DF2743BD4B003B4B6F /* ViewModel */ = {
			isa = PBXGroup;
			children = (
				F7E8ABBB273A6B17005F8306 /* CalendarDetailViewModel.swift */,
			);
			path = ViewModel;
			sourceTree = "<group>";
		};
		BB2D25442730D94100E7BF35 /* Domain */ = {
			isa = PBXGroup;
			children = (
				BB2D25452730D95C00E7BF35 /* Entities */,
				85C236B8273811EA001499E5 /* UseCases */,
			);
			path = Domain;
			sourceTree = "<group>";
		};
		BB2D25452730D95C00E7BF35 /* Entities */ = {
			isa = PBXGroup;
			children = (
				BB2D25462730D97000E7BF35 /* Buddy.swift */,
				8A73D682273AC3B8001D5184 /* Purpose.swift */,
				BB2D25482730D97000E7BF35 /* PlaceType.swift */,
				85C236B427380D39001499E5 /* FaceColor.swift */,
				BB2D25842739197600E7BF35 /* Gathering.swift */,
			);
			path = Entities;
			sourceTree = "<group>";
		};
		BB2D254C2730DA0000E7BF35 /* Data */ = {
			isa = PBXGroup;
			children = (
				BB2D254D2730DA0A00E7BF35 /* PersistentStorage */,
			);
			path = Data;
			sourceTree = "<group>";
		};
		BB2D254D2730DA0A00E7BF35 /* PersistentStorage */ = {
			isa = PBXGroup;
			children = (
				BB2D25812739192200E7BF35 /* WithBuddyModel.xcdatamodeld */,
				BB2D25BE273B901600E7BF35 /* BuddyEntity+CoreDataClass.swift */,
				BB2D25C0273B901600E7BF35 /* GatheringEntity+CoreDataClass.swift */,
				BB2D258E2739299A00E7BF35 /* CoreDataManager.swift */,
			);
			path = PersistentStorage;
			sourceTree = "<group>";
		};
		BB2D255B2731315900E7BF35 /* Chart */ = {
			isa = PBXGroup;
			children = (
				85BC8E11274131B000570FC4 /* View */,
				85BC8E12274131DE00570FC4 /* ViewModel */,
				85D262EF273CE740000190B8 /* NameLabel.swift */,
				85D262F1273CE7D6000190B8 /* TitleLabel.swift */,
			);
			path = Chart;
			sourceTree = "<group>";
		};
		BB2D255C2731315E00E7BF35 /* Setting */ = {
			isa = PBXGroup;
			children = (
				BB2D255D2731317100E7BF35 /* SettingViewController.swift */,
			);
			path = Setting;
			sourceTree = "<group>";
		};
		BB2D25A0273A46C100E7BF35 /* View */ = {
			isa = PBXGroup;
			children = (
				BB2D2553273112EE00E7BF35 /* ImageTextCollectionViewCell.swift */,
				BB2D25A6273B582500E7BF35 /* PictureCollectionViewCell.swift */,
				8A6320B62741673D006BB1C0 /* RegisterTitleLabel.swift */,
				BB2D25AF273B582500E7BF35 /* RegisterViewController.swift */,
			);
			path = View;
			sourceTree = "<group>";
		};
		BB2D25A1273A46FB00E7BF35 /* ViewModel */ = {
			isa = PBXGroup;
			children = (
				BB2D25BC273B585200E7BF35 /* RegisterViewModel.swift */,
			);
			path = ViewModel;
			sourceTree = "<group>";
		};
		BBF7FF19272FB51000B71C97 = {
			isa = PBXGroup;
			children = (
				BBF7FF43272FC1B000B71C97 /* .swiftlint.yml */,
				BBF7FF24272FB51000B71C97 /* WithBuddy */,
				BBF7FF23272FB51000B71C97 /* Products */,
			);
			sourceTree = "<group>";
		};
		BBF7FF23272FB51000B71C97 /* Products */ = {
			isa = PBXGroup;
			children = (
				BBF7FF22272FB51000B71C97 /* WithBuddy.app */,
			);
			name = Products;
			sourceTree = "<group>";
		};
		BBF7FF24272FB51000B71C97 /* WithBuddy */ = {
			isa = PBXGroup;
			children = (
				BB2D254C2730DA0000E7BF35 /* Data */,
				BB2D25442730D94100E7BF35 /* Domain */,
				BBF7FF4A272FD7DD00B71C97 /* Resource */,
				BBF7FF3B272FB66300B71C97 /* Presentation */,
				BBF7FF39272FB64000B71C97 /* Application */,
				BBF7FF33272FB51400B71C97 /* Info.plist */,
			);
			path = WithBuddy;
			sourceTree = "<group>";
		};
		BBF7FF39272FB64000B71C97 /* Application */ = {
			isa = PBXGroup;
			children = (
				BBF7FF30272FB51400B71C97 /* LaunchScreen.storyboard */,
				BBF7FF25272FB51000B71C97 /* AppDelegate.swift */,
				BBF7FF27272FB51000B71C97 /* SceneDelegate.swift */,
				BBF7FF2E272FB51400B71C97 /* Assets.xcassets */,
			);
			path = Application;
			sourceTree = "<group>";
		};
		BBF7FF3B272FB66300B71C97 /* Presentation */ = {
			isa = PBXGroup;
			children = (
				BBF7FF41272FB95400B71C97 /* Common */,
				85FA1D91272FEAE500825C64 /* Calendar */,
				F7E8ABC2273BB7A6005F8306 /* Calendardetail */,
				BB2D255B2731315900E7BF35 /* Chart */,
				BBF7FF3E272FB6CC00B71C97 /* Register */,
				F7E8ABC0273BB76D005F8306 /* Detail */,
				8A73D677273A61C5001D5184 /* BuddyChoice */,
				8A53C22D273B9E5E00BB0C20 /* BuddyCustom */,
				F78F14942743A5B00034E740 /* BuddyManage */,
				85FA1D97272FEBBB00825C64 /* List */,
				BB2D255C2731315E00E7BF35 /* Setting */,
				F78F14972743A60F0034E740 /* DeveloperInfo */,
			);
			path = Presentation;
			sourceTree = "<group>";
		};
		BBF7FF3E272FB6CC00B71C97 /* Register */ = {
			isa = PBXGroup;
			children = (
				BB2D25A0273A46C100E7BF35 /* View */,
				BB2D25A1273A46FB00E7BF35 /* ViewModel */,
			);
			path = Register;
			sourceTree = "<group>";
		};
		BBF7FF41272FB95400B71C97 /* Common */ = {
			isa = PBXGroup;
			children = (
				F7E8AC36273CD412005F8306 /* Extension */,
				BBF7FF3F272FB7B700B71C97 /* TabBarViewController.swift */,
				854AA76327338C2F00663911 /* ListCollectionViewCell.swift */,
				854AA75D27337A7200663911 /* SearchView.swift */,
			);
			path = Common;
			sourceTree = "<group>";
		};
		BBF7FF45272FC75F00B71C97 /* Fonts */ = {
			isa = PBXGroup;
			children = (
				BBF7FF46272FC78100B71C97 /* Cafe24Ssurround.ttf */,
				BBF7FF48272FC78C00B71C97 /* Cafe24SsurroundAir.ttf */,
			);
			path = Fonts;
			sourceTree = "<group>";
		};
		BBF7FF4A272FD7DD00B71C97 /* Resource */ = {
			isa = PBXGroup;
			children = (
				8A52C4F5273947E50025C562 /* defaultImage.png */,
				BBF7FF4B272FD7F200B71C97 /* withBuddyLaunchScreen.png */,
				BBF7FF45272FC75F00B71C97 /* Fonts */,
			);
			path = Resource;
			sourceTree = "<group>";
		};
		F78F14942743A5B00034E740 /* BuddyManage */ = {
			isa = PBXGroup;
			children = (
				F78F14952743A5C90034E740 /* BuddyManageViewController.swift */,
			);
			path = BuddyManage;
			sourceTree = "<group>";
		};
		F78F14972743A60F0034E740 /* DeveloperInfo */ = {
			isa = PBXGroup;
			children = (
				F78F14982743A6200034E740 /* DeveloperInfoViewController.swift */,
			);
			path = DeveloperInfo;
			sourceTree = "<group>";
		};
		F7A7699F2732762900FF83EA /* View */ = {
			isa = PBXGroup;
			children = (
				85FA1D92272FEB6A00825C64 /* CalendarViewController.swift */,
				F7A7699627315AF800FF83EA /* HeaderView.swift */,
				F7A7699A2732588500FF83EA /* WBCalendarView.swift */,
				F7B69B8B27339EF9005D2F32 /* WBCalendarViewCell.swift */,
				BB0EF0DD2740FA15003B4B6F /* WBCalendarCollectionView.swift */,
			);
			path = View;
			sourceTree = "<group>";
		};
		F7E8ABC0273BB76D005F8306 /* Detail */ = {
			isa = PBXGroup;
			children = (
				F7E8ABC3273BB7F4005F8306 /* View */,
			);
			path = Detail;
			sourceTree = "<group>";
		};
		F7E8ABC1273BB78A005F8306 /* ViewModel */ = {
			isa = PBXGroup;
			children = (
				F7E8ABBD273A8D43005F8306 /* CalendarViewModel.swift */,
			);
			path = ViewModel;
			sourceTree = "<group>";
		};
		F7E8ABC2273BB7A6005F8306 /* Calendardetail */ = {
			isa = PBXGroup;
			children = (
				F7E8ABB32738133B005F8306 /* CalendarDetailViewController.swift */,
				BB0EF0DF2743BD4B003B4B6F /* ViewModel */,
			);
			path = Calendardetail;
			sourceTree = "<group>";
		};
		F7E8ABC3273BB7F4005F8306 /* View */ = {
			isa = PBXGroup;
			children = (
				F7E8ABC4273BB814005F8306 /* GatheringDetailViewController.swift */,
			);
			path = View;
			sourceTree = "<group>";
		};
		F7E8AC36273CD412005F8306 /* Extension */ = {
			isa = PBXGroup;
			children = (
				F7E8AC37273CD428005F8306 /* UIView+Extension.swift */,
				8A6320B427415A85006BB1C0 /* CGFloat+Extension.swift */,
			);
			path = Extension;
			sourceTree = "<group>";
		};
/* End PBXGroup section */

/* Begin PBXNativeTarget section */
		BBF7FF21272FB51000B71C97 /* WithBuddy */ = {
			isa = PBXNativeTarget;
			buildConfigurationList = BBF7FF36272FB51400B71C97 /* Build configuration list for PBXNativeTarget "WithBuddy" */;
			buildPhases = (
				BBF7FF1E272FB51000B71C97 /* Sources */,
				BBF7FF1F272FB51000B71C97 /* Frameworks */,
				BBF7FF20272FB51000B71C97 /* Resources */,
				BBF7FF42272FBD0500B71C97 /* ShellScript */,
			);
			buildRules = (
			);
			dependencies = (
			);
			name = WithBuddy;
			productName = WithBuddy;
			productReference = BBF7FF22272FB51000B71C97 /* WithBuddy.app */;
			productType = "com.apple.product-type.application";
		};
/* End PBXNativeTarget section */

/* Begin PBXProject section */
		BBF7FF1A272FB51000B71C97 /* Project object */ = {
			isa = PBXProject;
			attributes = {
				BuildIndependentTargetsInParallel = 1;
				LastSwiftUpdateCheck = 1300;
				LastUpgradeCheck = 1300;
				TargetAttributes = {
					BBF7FF21272FB51000B71C97 = {
						CreatedOnToolsVersion = 13.0;
					};
				};
			};
			buildConfigurationList = BBF7FF1D272FB51000B71C97 /* Build configuration list for PBXProject "WithBuddy" */;
			compatibilityVersion = "Xcode 13.0";
			developmentRegion = en;
			hasScannedForEncodings = 0;
			knownRegions = (
				en,
				Base,
			);
			mainGroup = BBF7FF19272FB51000B71C97;
			productRefGroup = BBF7FF23272FB51000B71C97 /* Products */;
			projectDirPath = "";
			projectRoot = "";
			targets = (
				BBF7FF21272FB51000B71C97 /* WithBuddy */,
			);
		};
/* End PBXProject section */

/* Begin PBXResourcesBuildPhase section */
		BBF7FF20272FB51000B71C97 /* Resources */ = {
			isa = PBXResourcesBuildPhase;
			buildActionMask = 2147483647;
			files = (
				BBF7FF44272FC1B000B71C97 /* .swiftlint.yml in Resources */,
				BBF7FF47272FC78100B71C97 /* Cafe24Ssurround.ttf in Resources */,
				BBF7FF49272FC78C00B71C97 /* Cafe24SsurroundAir.ttf in Resources */,
				BBF7FF32272FB51400B71C97 /* LaunchScreen.storyboard in Resources */,
				BBF7FF4C272FD7F200B71C97 /* withBuddyLaunchScreen.png in Resources */,
				8A52C4F6273947E50025C562 /* defaultImage.png in Resources */,
				BBF7FF2F272FB51400B71C97 /* Assets.xcassets in Resources */,
			);
			runOnlyForDeploymentPostprocessing = 0;
		};
/* End PBXResourcesBuildPhase section */

/* Begin PBXShellScriptBuildPhase section */
		BBF7FF42272FBD0500B71C97 /* ShellScript */ = {
			isa = PBXShellScriptBuildPhase;
			buildActionMask = 2147483647;
			files = (
			);
			inputFileListPaths = (
			);
			inputPaths = (
			);
			outputFileListPaths = (
			);
			outputPaths = (
			);
			runOnlyForDeploymentPostprocessing = 0;
			shellPath = /bin/sh;
			shellScript = "if test -d \"/opt/homebrew/bin/\"; then\n  PATH=\"/opt/homebrew/bin/:${PATH}\"\nfi\n\nexport PATH\n\nif which swiftlint >/dev/null; then\n  swiftlint\nelse\n  echo \"warning: SwiftLint not installed, download from https://github.com/realm/SwiftLint\"\nfi\n";
		};
/* End PBXShellScriptBuildPhase section */

/* Begin PBXSourcesBuildPhase section */
		BBF7FF1E272FB51000B71C97 /* Sources */ = {
			isa = PBXSourcesBuildPhase;
			buildActionMask = 2147483647;
			files = (
				F78F14962743A5C90034E740 /* BuddyManageViewController.swift in Sources */,
				85D262F4273CF211000190B8 /* PurposeView.swift in Sources */,
				85D262EE273CE6DD000190B8 /* WhiteView.swift in Sources */,
				F7E8AC3E273CD4E6005F8306 /* ImageTextCollectionViewCell.swift in Sources */,
				F7E8AC3C273CD4E2005F8306 /* AppDelegate.swift in Sources */,
				F7E8AC3D273CD4E2005F8306 /* SceneDelegate.swift in Sources */,
				F7E8AC39273CD4DC005F8306 /* WithBuddyModel.xcdatamodeld in Sources */,
				F7E8AC3A273CD4DC005F8306 /* Buddy.swift in Sources */,
				F7E8AC3B273CD4DC005F8306 /* FaceColor.swift in Sources */,
				BB0EF0DE2740FA15003B4B6F /* WBCalendarCollectionView.swift in Sources */,
				F7E8AC2F273CB5F9005F8306 /* Gathering.swift in Sources */,
				F7A7699B2732588500FF83EA /* WBCalendarView.swift in Sources */,
				8A6320B527415A85006BB1C0 /* CGFloat+Extension.swift in Sources */,
				F7B69B8A273398C4005D2F32 /* CalendarUseCase.swift in Sources */,
				F7E8ABBC273A6B17005F8306 /* CalendarDetailViewModel.swift in Sources */,
				85D262EA273CD71C000190B8 /* BubbleChartView.swift in Sources */,
				F78F14992743A6200034E740 /* DeveloperInfoViewController.swift in Sources */,
				F7B69B8C27339EF9005D2F32 /* WBCalendarViewCell.swift in Sources */,
				85FA1D93272FEB6A00825C64 /* CalendarViewController.swift in Sources */,
				F7E8AC38273CD428005F8306 /* UIView+Extension.swift in Sources */,
				F7E8AC38273CD428005F8306 /* UIView+Extension.swift in Sources */,
				BB2D25602731317E00E7BF35 /* ChartViewController.swift in Sources */,
				F7A7699727315AF800FF83EA /* HeaderView.swift in Sources */,
				85D262E8273CD703000190B8 /* PurposeChartView.swift in Sources */,
				BBF7FF40272FB7B700B71C97 /* TabBarViewController.swift in Sources */,
				BB2D254B2730D97000E7BF35 /* PlaceType.swift in Sources */,
				BB2D255E2731317100E7BF35 /* SettingViewController.swift in Sources */,
				8A73D67E273A6C4B001D5184 /* BuddyChoiceViewModel.swift in Sources */,
				854AA75E27337A7200663911 /* SearchView.swift in Sources */,
				85D262F6273CFEBF000190B8 /* LatestOldView.swift in Sources */,
				BB2D25BA273B582500E7BF35 /* RegisterViewController.swift in Sources */,
				8A53C22F273B9EB200BB0C20 /* BuddyCustomViewController.swift in Sources */,
				8A73D683273AC3B8001D5184 /* Purpose.swift in Sources */,
				BB2D25B1273B582500E7BF35 /* PictureCollectionViewCell.swift in Sources */,
				85BC8E14274131F300570FC4 /* ChartViewModel.swift in Sources */,
				BB2D25C4273B901600E7BF35 /* GatheringEntity+CoreDataClass.swift in Sources */,
				85D262EC273CDEBE000190B8 /* LatestOldChartView.swift in Sources */,
				F7E8ABBE273A8D43005F8306 /* CalendarViewModel.swift in Sources */,
				F7E8ABBE273A8D43005F8306 /* CalendarViewModel.swift in Sources */,
				85D262F8273D138E000190B8 /* DefaultView.swift in Sources */,
				F7E8ABB42738133B005F8306 /* CalendarDetailViewController.swift in Sources */,
				BB2D25A3273A550B00E7BF35 /* BuddyUseCase.swift in Sources */,
				85FA1D99272FEBE000825C64 /* ListViewController.swift in Sources */,
				854AA76427338C2F00663911 /* ListCollectionViewCell.swift in Sources */,
				F7E8ABC5273BB814005F8306 /* GatheringDetailViewController.swift in Sources */,
				8A6320B72741673D006BB1C0 /* RegisterTitleLabel.swift in Sources */,
				BB2D25C2273B901600E7BF35 /* BuddyEntity+CoreDataClass.swift in Sources */,
				85D262F2273CE7D6000190B8 /* TitleLabel.swift in Sources */,
				BB2D25BD273B585200E7BF35 /* RegisterViewModel.swift in Sources */,
				8A73D679273A61EC001D5184 /* BuddyChoiceViewController.swift in Sources */,
				854AA7662733A37200663911 /* ListViewModel.swift in Sources */,
				85D262F0273CE740000190B8 /* NameLabel.swift in Sources */,
				BB2D258F2739299A00E7BF35 /* CoreDataManager.swift in Sources */,
				BB2D25A5273A58A100E7BF35 /* GatheringUseCase.swift in Sources */,
			);
			runOnlyForDeploymentPostprocessing = 0;
		};
/* End PBXSourcesBuildPhase section */

/* Begin PBXVariantGroup section */
		BBF7FF30272FB51400B71C97 /* LaunchScreen.storyboard */ = {
			isa = PBXVariantGroup;
			children = (
				BBF7FF31272FB51400B71C97 /* Base */,
			);
			name = LaunchScreen.storyboard;
			sourceTree = "<group>";
		};
/* End PBXVariantGroup section */

/* Begin XCBuildConfiguration section */
		BBF7FF34272FB51400B71C97 /* Debug */ = {
			isa = XCBuildConfiguration;
			buildSettings = {
				ALWAYS_SEARCH_USER_PATHS = NO;
				CLANG_ANALYZER_NONNULL = YES;
				CLANG_ANALYZER_NUMBER_OBJECT_CONVERSION = YES_AGGRESSIVE;
				CLANG_CXX_LANGUAGE_STANDARD = "gnu++17";
				CLANG_CXX_LIBRARY = "libc++";
				CLANG_ENABLE_MODULES = YES;
				CLANG_ENABLE_OBJC_ARC = YES;
				CLANG_ENABLE_OBJC_WEAK = YES;
				CLANG_WARN_BLOCK_CAPTURE_AUTORELEASING = YES;
				CLANG_WARN_BOOL_CONVERSION = YES;
				CLANG_WARN_COMMA = YES;
				CLANG_WARN_CONSTANT_CONVERSION = YES;
				CLANG_WARN_DEPRECATED_OBJC_IMPLEMENTATIONS = YES;
				CLANG_WARN_DIRECT_OBJC_ISA_USAGE = YES_ERROR;
				CLANG_WARN_DOCUMENTATION_COMMENTS = YES;
				CLANG_WARN_EMPTY_BODY = YES;
				CLANG_WARN_ENUM_CONVERSION = YES;
				CLANG_WARN_INFINITE_RECURSION = YES;
				CLANG_WARN_INT_CONVERSION = YES;
				CLANG_WARN_NON_LITERAL_NULL_CONVERSION = YES;
				CLANG_WARN_OBJC_IMPLICIT_RETAIN_SELF = YES;
				CLANG_WARN_OBJC_LITERAL_CONVERSION = YES;
				CLANG_WARN_OBJC_ROOT_CLASS = YES_ERROR;
				CLANG_WARN_QUOTED_INCLUDE_IN_FRAMEWORK_HEADER = YES;
				CLANG_WARN_RANGE_LOOP_ANALYSIS = YES;
				CLANG_WARN_STRICT_PROTOTYPES = YES;
				CLANG_WARN_SUSPICIOUS_MOVE = YES;
				CLANG_WARN_UNGUARDED_AVAILABILITY = YES_AGGRESSIVE;
				CLANG_WARN_UNREACHABLE_CODE = YES;
				CLANG_WARN__DUPLICATE_METHOD_MATCH = YES;
				COPY_PHASE_STRIP = NO;
				DEBUG_INFORMATION_FORMAT = dwarf;
				ENABLE_STRICT_OBJC_MSGSEND = YES;
				ENABLE_TESTABILITY = YES;
				GCC_C_LANGUAGE_STANDARD = gnu11;
				GCC_DYNAMIC_NO_PIC = NO;
				GCC_NO_COMMON_BLOCKS = YES;
				GCC_OPTIMIZATION_LEVEL = 0;
				GCC_PREPROCESSOR_DEFINITIONS = (
					"DEBUG=1",
					"$(inherited)",
				);
				GCC_WARN_64_TO_32_BIT_CONVERSION = YES;
				GCC_WARN_ABOUT_RETURN_TYPE = YES_ERROR;
				GCC_WARN_UNDECLARED_SELECTOR = YES;
				GCC_WARN_UNINITIALIZED_AUTOS = YES_AGGRESSIVE;
				GCC_WARN_UNUSED_FUNCTION = YES;
				GCC_WARN_UNUSED_VARIABLE = YES;
				IPHONEOS_DEPLOYMENT_TARGET = 15.0;
				MTL_ENABLE_DEBUG_INFO = INCLUDE_SOURCE;
				MTL_FAST_MATH = YES;
				ONLY_ACTIVE_ARCH = YES;
				SDKROOT = iphoneos;
				SWIFT_ACTIVE_COMPILATION_CONDITIONS = DEBUG;
				SWIFT_OPTIMIZATION_LEVEL = "-Onone";
			};
			name = Debug;
		};
		BBF7FF35272FB51400B71C97 /* Release */ = {
			isa = XCBuildConfiguration;
			buildSettings = {
				ALWAYS_SEARCH_USER_PATHS = NO;
				CLANG_ANALYZER_NONNULL = YES;
				CLANG_ANALYZER_NUMBER_OBJECT_CONVERSION = YES_AGGRESSIVE;
				CLANG_CXX_LANGUAGE_STANDARD = "gnu++17";
				CLANG_CXX_LIBRARY = "libc++";
				CLANG_ENABLE_MODULES = YES;
				CLANG_ENABLE_OBJC_ARC = YES;
				CLANG_ENABLE_OBJC_WEAK = YES;
				CLANG_WARN_BLOCK_CAPTURE_AUTORELEASING = YES;
				CLANG_WARN_BOOL_CONVERSION = YES;
				CLANG_WARN_COMMA = YES;
				CLANG_WARN_CONSTANT_CONVERSION = YES;
				CLANG_WARN_DEPRECATED_OBJC_IMPLEMENTATIONS = YES;
				CLANG_WARN_DIRECT_OBJC_ISA_USAGE = YES_ERROR;
				CLANG_WARN_DOCUMENTATION_COMMENTS = YES;
				CLANG_WARN_EMPTY_BODY = YES;
				CLANG_WARN_ENUM_CONVERSION = YES;
				CLANG_WARN_INFINITE_RECURSION = YES;
				CLANG_WARN_INT_CONVERSION = YES;
				CLANG_WARN_NON_LITERAL_NULL_CONVERSION = YES;
				CLANG_WARN_OBJC_IMPLICIT_RETAIN_SELF = YES;
				CLANG_WARN_OBJC_LITERAL_CONVERSION = YES;
				CLANG_WARN_OBJC_ROOT_CLASS = YES_ERROR;
				CLANG_WARN_QUOTED_INCLUDE_IN_FRAMEWORK_HEADER = YES;
				CLANG_WARN_RANGE_LOOP_ANALYSIS = YES;
				CLANG_WARN_STRICT_PROTOTYPES = YES;
				CLANG_WARN_SUSPICIOUS_MOVE = YES;
				CLANG_WARN_UNGUARDED_AVAILABILITY = YES_AGGRESSIVE;
				CLANG_WARN_UNREACHABLE_CODE = YES;
				CLANG_WARN__DUPLICATE_METHOD_MATCH = YES;
				COPY_PHASE_STRIP = NO;
				DEBUG_INFORMATION_FORMAT = "dwarf-with-dsym";
				ENABLE_NS_ASSERTIONS = NO;
				ENABLE_STRICT_OBJC_MSGSEND = YES;
				GCC_C_LANGUAGE_STANDARD = gnu11;
				GCC_NO_COMMON_BLOCKS = YES;
				GCC_WARN_64_TO_32_BIT_CONVERSION = YES;
				GCC_WARN_ABOUT_RETURN_TYPE = YES_ERROR;
				GCC_WARN_UNDECLARED_SELECTOR = YES;
				GCC_WARN_UNINITIALIZED_AUTOS = YES_AGGRESSIVE;
				GCC_WARN_UNUSED_FUNCTION = YES;
				GCC_WARN_UNUSED_VARIABLE = YES;
				IPHONEOS_DEPLOYMENT_TARGET = 15.0;
				MTL_ENABLE_DEBUG_INFO = NO;
				MTL_FAST_MATH = YES;
				SDKROOT = iphoneos;
				SWIFT_COMPILATION_MODE = wholemodule;
				SWIFT_OPTIMIZATION_LEVEL = "-O";
				VALIDATE_PRODUCT = YES;
			};
			name = Release;
		};
		BBF7FF37272FB51400B71C97 /* Debug */ = {
			isa = XCBuildConfiguration;
			buildSettings = {
				ASSETCATALOG_COMPILER_APPICON_NAME = AppIcon;
				ASSETCATALOG_COMPILER_GLOBAL_ACCENT_COLOR_NAME = AccentColor;
				CODE_SIGN_STYLE = Automatic;
				CURRENT_PROJECT_VERSION = 1;
				DEVELOPMENT_TEAM = B3PWYBKFUK;
				GENERATE_INFOPLIST_FILE = YES;
				INFOPLIST_FILE = WithBuddy/Info.plist;
				INFOPLIST_KEY_UIApplicationSupportsIndirectInputEvents = YES;
				INFOPLIST_KEY_UILaunchStoryboardName = LaunchScreen;
				INFOPLIST_KEY_UISupportedInterfaceOrientations = "";
				INFOPLIST_KEY_UISupportedInterfaceOrientations_iPad = "UIInterfaceOrientationPortrait UIInterfaceOrientationPortraitUpsideDown UIInterfaceOrientationLandscapeLeft UIInterfaceOrientationLandscapeRight";
				INFOPLIST_KEY_UISupportedInterfaceOrientations_iPhone = "UIInterfaceOrientationPortrait UIInterfaceOrientationLandscapeLeft UIInterfaceOrientationLandscapeRight";
				INFOPLIST_KEY_UIUserInterfaceStyle = light;
				LD_RUNPATH_SEARCH_PATHS = (
					"$(inherited)",
					"@executable_path/Frameworks",
				);
				MARKETING_VERSION = 1.0;
				PRODUCT_BUNDLE_IDENTIFIER = com.lunchScreen.WithBuddy;
				PRODUCT_NAME = "$(TARGET_NAME)";
				SWIFT_EMIT_LOC_STRINGS = YES;
				SWIFT_VERSION = 5.0;
				TARGETED_DEVICE_FAMILY = 1;
			};
			name = Debug;
		};
		BBF7FF38272FB51400B71C97 /* Release */ = {
			isa = XCBuildConfiguration;
			buildSettings = {
				ASSETCATALOG_COMPILER_APPICON_NAME = AppIcon;
				ASSETCATALOG_COMPILER_GLOBAL_ACCENT_COLOR_NAME = AccentColor;
				CODE_SIGN_STYLE = Automatic;
				CURRENT_PROJECT_VERSION = 1;
				DEVELOPMENT_TEAM = B3PWYBKFUK;
				GENERATE_INFOPLIST_FILE = YES;
				INFOPLIST_FILE = WithBuddy/Info.plist;
				INFOPLIST_KEY_UIApplicationSupportsIndirectInputEvents = YES;
				INFOPLIST_KEY_UILaunchStoryboardName = LaunchScreen;
				INFOPLIST_KEY_UISupportedInterfaceOrientations = "";
				INFOPLIST_KEY_UISupportedInterfaceOrientations_iPad = "UIInterfaceOrientationPortrait UIInterfaceOrientationPortraitUpsideDown UIInterfaceOrientationLandscapeLeft UIInterfaceOrientationLandscapeRight";
				INFOPLIST_KEY_UISupportedInterfaceOrientations_iPhone = "UIInterfaceOrientationPortrait UIInterfaceOrientationLandscapeLeft UIInterfaceOrientationLandscapeRight";
				INFOPLIST_KEY_UIUserInterfaceStyle = light;
				LD_RUNPATH_SEARCH_PATHS = (
					"$(inherited)",
					"@executable_path/Frameworks",
				);
				MARKETING_VERSION = 1.0;
				PRODUCT_BUNDLE_IDENTIFIER = com.lunchScreen.WithBuddy;
				PRODUCT_NAME = "$(TARGET_NAME)";
				SWIFT_EMIT_LOC_STRINGS = YES;
				SWIFT_VERSION = 5.0;
				TARGETED_DEVICE_FAMILY = 1;
			};
			name = Release;
		};
/* End XCBuildConfiguration section */

/* Begin XCConfigurationList section */
		BBF7FF1D272FB51000B71C97 /* Build configuration list for PBXProject "WithBuddy" */ = {
			isa = XCConfigurationList;
			buildConfigurations = (
				BBF7FF34272FB51400B71C97 /* Debug */,
				BBF7FF35272FB51400B71C97 /* Release */,
			);
			defaultConfigurationIsVisible = 0;
			defaultConfigurationName = Release;
		};
		BBF7FF36272FB51400B71C97 /* Build configuration list for PBXNativeTarget "WithBuddy" */ = {
			isa = XCConfigurationList;
			buildConfigurations = (
				BBF7FF37272FB51400B71C97 /* Debug */,
				BBF7FF38272FB51400B71C97 /* Release */,
			);
			defaultConfigurationIsVisible = 0;
			defaultConfigurationName = Release;
		};
/* End XCConfigurationList section */

/* Begin XCVersionGroup section */
		BB2D25812739192200E7BF35 /* WithBuddyModel.xcdatamodeld */ = {
			isa = XCVersionGroup;
			children = (
				BB2D25822739192200E7BF35 /* WithBuddyModel.xcdatamodel */,
			);
			currentVersion = BB2D25822739192200E7BF35 /* WithBuddyModel.xcdatamodel */;
			path = WithBuddyModel.xcdatamodeld;
			sourceTree = "<group>";
			versionGroupType = wrapper.xcdatamodel;
		};
/* End XCVersionGroup section */
	};
	rootObject = BBF7FF1A272FB51000B71C97 /* Project object */;
}
